// !$*UTF8*$!
{
	archiveVersion = 1;
	classes = {
	};
	objectVersion = 77;
	objects = {

/* Begin PBXContainerItemProxy section */
		1C3270E02CC985C50055C035 /* PBXContainerItemProxy */ = {
			isa = PBXContainerItemProxy;
			containerPortal = 1C3270C72CC985C30055C035 /* Project object */;
			proxyType = 1;
			remoteGlobalIDString = 1C3270CE2CC985C40055C035;
			remoteInfo = DeviceInfoLogger;
		};
		1C3270EA2CC985C50055C035 /* PBXContainerItemProxy */ = {
			isa = PBXContainerItemProxy;
			containerPortal = 1C3270C72CC985C30055C035 /* Project object */;
			proxyType = 1;
			remoteGlobalIDString = 1C3270CE2CC985C40055C035;
			remoteInfo = DeviceInfoLogger;
		};
/* End PBXContainerItemProxy section */

/* Begin PBXFileReference section */
		1C3270CF2CC985C40055C035 /* DeviceInfoLogger.app */ = {isa = PBXFileReference; explicitFileType = wrapper.application; includeInIndex = 0; path = DeviceInfoLogger.app; sourceTree = BUILT_PRODUCTS_DIR; };
		1C3270DF2CC985C50055C035 /* DeviceInfoLoggerTests.xctest */ = {isa = PBXFileReference; explicitFileType = wrapper.cfbundle; includeInIndex = 0; path = DeviceInfoLoggerTests.xctest; sourceTree = BUILT_PRODUCTS_DIR; };
		1C3270E92CC985C50055C035 /* DeviceInfoLoggerUITests.xctest */ = {isa = PBXFileReference; explicitFileType = wrapper.cfbundle; includeInIndex = 0; path = DeviceInfoLoggerUITests.xctest; sourceTree = BUILT_PRODUCTS_DIR; };
/* End PBXFileReference section */

/* Begin PBXFileSystemSynchronizedRootGroup section */
		1C3270D12CC985C40055C035 /* DeviceInfoLogger */ = {
			isa = PBXFileSystemSynchronizedRootGroup;
			path = DeviceInfoLogger;
			sourceTree = "<group>";
		};
		1C3270E22CC985C50055C035 /* DeviceInfoLoggerTests */ = {
			isa = PBXFileSystemSynchronizedRootGroup;
			path = DeviceInfoLoggerTests;
			sourceTree = "<group>";
		};
		1C3270EC2CC985C50055C035 /* DeviceInfoLoggerUITests */ = {
			isa = PBXFileSystemSynchronizedRootGroup;
			path = DeviceInfoLoggerUITests;
			sourceTree = "<group>";
		};
/* End PBXFileSystemSynchronizedRootGroup section */

/* Begin PBXFrameworksBuildPhase section */
		1C3270CC2CC985C40055C035 /* Frameworks */ = {
			isa = PBXFrameworksBuildPhase;
			buildActionMask = 2147483647;
			files = (
			);
			runOnlyForDeploymentPostprocessing = 0;
		};
		1C3270DC2CC985C50055C035 /* Frameworks */ = {
			isa = PBXFrameworksBuildPhase;
			buildActionMask = 2147483647;
			files = (
			);
			runOnlyForDeploymentPostprocessing = 0;
		};
		1C3270E62CC985C50055C035 /* Frameworks */ = {
			isa = PBXFrameworksBuildPhase;
			buildActionMask = 2147483647;
			files = (
			);
			runOnlyForDeploymentPostprocessing = 0;
		};
/* End PBXFrameworksBuildPhase section */

/* Begin PBXGroup section */
		1C3270C62CC985C30055C035 = {
			isa = PBXGroup;
			children = (
				1C3270D12CC985C40055C035 /* DeviceInfoLogger */,
				1C3270E22CC985C50055C035 /* DeviceInfoLoggerTests */,
				1C3270EC2CC985C50055C035 /* DeviceInfoLoggerUITests */,
				1C3270D02CC985C40055C035 /* Products */,
			);
			sourceTree = "<group>";
		};
		1C3270D02CC985C40055C035 /* Products */ = {
			isa = PBXGroup;
			children = (
				1C3270CF2CC985C40055C035 /* DeviceInfoLogger.app */,
				1C3270DF2CC985C50055C035 /* DeviceInfoLoggerTests.xctest */,
				1C3270E92CC985C50055C035 /* DeviceInfoLoggerUITests.xctest */,
			);
			name = Products;
			sourceTree = "<group>";
		};
/* End PBXGroup section */

/* Begin PBXNativeTarget section */
		1C3270CE2CC985C40055C035 /* DeviceInfoLogger */ = {
			isa = PBXNativeTarget;
			buildConfigurationList = 1C3270F32CC985C50055C035 /* Build configuration list for PBXNativeTarget "DeviceInfoLogger" */;
			buildPhases = (
				1C3270CB2CC985C40055C035 /* Sources */,
				1C3270CC2CC985C40055C035 /* Frameworks */,
				1C3270CD2CC985C40055C035 /* Resources */,
			);
			buildRules = (
			);
			dependencies = (
			);
			fileSystemSynchronizedGroups = (
				1C3270D12CC985C40055C035 /* DeviceInfoLogger */,
			);
			name = DeviceInfoLogger;
			packageProductDependencies = (
			);
			productName = DeviceInfoLogger;
			productReference = 1C3270CF2CC985C40055C035 /* DeviceInfoLogger.app */;
			productType = "com.apple.product-type.application";
		};
		1C3270DE2CC985C50055C035 /* DeviceInfoLoggerTests */ = {
			isa = PBXNativeTarget;
			buildConfigurationList = 1C3270F62CC985C50055C035 /* Build configuration list for PBXNativeTarget "DeviceInfoLoggerTests" */;
			buildPhases = (
				1C3270DB2CC985C50055C035 /* Sources */,
				1C3270DC2CC985C50055C035 /* Frameworks */,
				1C3270DD2CC985C50055C035 /* Resources */,
			);
			buildRules = (
			);
			dependencies = (
				1C3270E12CC985C50055C035 /* PBXTargetDependency */,
			);
			fileSystemSynchronizedGroups = (
				1C3270E22CC985C50055C035 /* DeviceInfoLoggerTests */,
			);
			name = DeviceInfoLoggerTests;
			packageProductDependencies = (
			);
			productName = DeviceInfoLoggerTests;
			productReference = 1C3270DF2CC985C50055C035 /* DeviceInfoLoggerTests.xctest */;
			productType = "com.apple.product-type.bundle.unit-test";
		};
		1C3270E82CC985C50055C035 /* DeviceInfoLoggerUITests */ = {
			isa = PBXNativeTarget;
			buildConfigurationList = 1C3270F92CC985C50055C035 /* Build configuration list for PBXNativeTarget "DeviceInfoLoggerUITests" */;
			buildPhases = (
				1C3270E52CC985C50055C035 /* Sources */,
				1C3270E62CC985C50055C035 /* Frameworks */,
				1C3270E72CC985C50055C035 /* Resources */,
			);
			buildRules = (
			);
			dependencies = (
				1C3270EB2CC985C50055C035 /* PBXTargetDependency */,
			);
			fileSystemSynchronizedGroups = (
				1C3270EC2CC985C50055C035 /* DeviceInfoLoggerUITests */,
			);
			name = DeviceInfoLoggerUITests;
			packageProductDependencies = (
			);
			productName = DeviceInfoLoggerUITests;
			productReference = 1C3270E92CC985C50055C035 /* DeviceInfoLoggerUITests.xctest */;
			productType = "com.apple.product-type.bundle.ui-testing";
		};
/* End PBXNativeTarget section */

/* Begin PBXProject section */
		1C3270C72CC985C30055C035 /* Project object */ = {
			isa = PBXProject;
			attributes = {
				BuildIndependentTargetsInParallel = 1;
				LastSwiftUpdateCheck = 1600;
				LastUpgradeCheck = 1600;
				TargetAttributes = {
					1C3270CE2CC985C40055C035 = {
						CreatedOnToolsVersion = 16.0;
					};
					1C3270DE2CC985C50055C035 = {
						CreatedOnToolsVersion = 16.0;
						TestTargetID = 1C3270CE2CC985C40055C035;
					};
					1C3270E82CC985C50055C035 = {
						CreatedOnToolsVersion = 16.0;
						TestTargetID = 1C3270CE2CC985C40055C035;
					};
				};
			};
			buildConfigurationList = 1C3270CA2CC985C30055C035 /* Build configuration list for PBXProject "DeviceInfoLogger" */;
			developmentRegion = en;
			hasScannedForEncodings = 0;
			knownRegions = (
				en,
				Base,
			);
			mainGroup = 1C3270C62CC985C30055C035;
			minimizedProjectReferenceProxies = 1;
			preferredProjectObjectVersion = 77;
			productRefGroup = 1C3270D02CC985C40055C035 /* Products */;
			projectDirPath = "";
			projectRoot = "";
			targets = (
				1C3270CE2CC985C40055C035 /* DeviceInfoLogger */,
				1C3270DE2CC985C50055C035 /* DeviceInfoLoggerTests */,
				1C3270E82CC985C50055C035 /* DeviceInfoLoggerUITests */,
			);
		};
/* End PBXProject section */

/* Begin PBXResourcesBuildPhase section */
		1C3270CD2CC985C40055C035 /* Resources */ = {
			isa = PBXResourcesBuildPhase;
			buildActionMask = 2147483647;
			files = (
			);
			runOnlyForDeploymentPostprocessing = 0;
		};
		1C3270DD2CC985C50055C035 /* Resources */ = {
			isa = PBXResourcesBuildPhase;
			buildActionMask = 2147483647;
			files = (
			);
			runOnlyForDeploymentPostprocessing = 0;
		};
		1C3270E72CC985C50055C035 /* Resources */ = {
			isa = PBXResourcesBuildPhase;
			buildActionMask = 2147483647;
			files = (
			);
			runOnlyForDeploymentPostprocessing = 0;
		};
/* End PBXResourcesBuildPhase section */

/* Begin PBXSourcesBuildPhase section */
		1C3270CB2CC985C40055C035 /* Sources */ = {
			isa = PBXSourcesBuildPhase;
			buildActionMask = 2147483647;
			files = (
			);
			runOnlyForDeploymentPostprocessing = 0;
		};
		1C3270DB2CC985C50055C035 /* Sources */ = {
			isa = PBXSourcesBuildPhase;
			buildActionMask = 2147483647;
			files = (
			);
			runOnlyForDeploymentPostprocessing = 0;
		};
		1C3270E52CC985C50055C035 /* Sources */ = {
			isa = PBXSourcesBuildPhase;
			buildActionMask = 2147483647;
			files = (
			);
			runOnlyForDeploymentPostprocessing = 0;
		};
/* End PBXSourcesBuildPhase section */

/* Begin PBXTargetDependency section */
		1C3270E12CC985C50055C035 /* PBXTargetDependency */ = {
			isa = PBXTargetDependency;
			target = 1C3270CE2CC985C40055C035 /* DeviceInfoLogger */;
			targetProxy = 1C3270E02CC985C50055C035 /* PBXContainerItemProxy */;
		};
		1C3270EB2CC985C50055C035 /* PBXTargetDependency */ = {
			isa = PBXTargetDependency;
			target = 1C3270CE2CC985C40055C035 /* DeviceInfoLogger */;
			targetProxy = 1C3270EA2CC985C50055C035 /* PBXContainerItemProxy */;
		};
/* End PBXTargetDependency section */

/* Begin XCBuildConfiguration section */
		1C3270F12CC985C50055C035 /* Debug */ = {
			isa = XCBuildConfiguration;
			buildSettings = {
				ALWAYS_SEARCH_USER_PATHS = NO;
				ASSETCATALOG_COMPILER_GENERATE_SWIFT_ASSET_SYMBOL_EXTENSIONS = YES;
				CLANG_ANALYZER_NONNULL = YES;
				CLANG_ANALYZER_NUMBER_OBJECT_CONVERSION = YES_AGGRESSIVE;
				CLANG_CXX_LANGUAGE_STANDARD = "gnu++20";
				CLANG_ENABLE_MODULES = YES;
				CLANG_ENABLE_OBJC_ARC = YES;
				CLANG_ENABLE_OBJC_WEAK = YES;
				CLANG_WARN_BLOCK_CAPTURE_AUTORELEASING = YES;
				CLANG_WARN_BOOL_CONVERSION = YES;
				CLANG_WARN_COMMA = YES;
				CLANG_WARN_CONSTANT_CONVERSION = YES;
				CLANG_WARN_DEPRECATED_OBJC_IMPLEMENTATIONS = YES;
				CLANG_WARN_DIRECT_OBJC_ISA_USAGE = YES_ERROR;
				CLANG_WARN_DOCUMENTATION_COMMENTS = YES;
				CLANG_WARN_EMPTY_BODY = YES;
				CLANG_WARN_ENUM_CONVERSION = YES;
				CLANG_WARN_INFINITE_RECURSION = YES;
				CLANG_WARN_INT_CONVERSION = YES;
				CLANG_WARN_NON_LITERAL_NULL_CONVERSION = YES;
				CLANG_WARN_OBJC_IMPLICIT_RETAIN_SELF = YES;
				CLANG_WARN_OBJC_LITERAL_CONVERSION = YES;
				CLANG_WARN_OBJC_ROOT_CLASS = YES_ERROR;
				CLANG_WARN_QUOTED_INCLUDE_IN_FRAMEWORK_HEADER = YES;
				CLANG_WARN_RANGE_LOOP_ANALYSIS = YES;
				CLANG_WARN_STRICT_PROTOTYPES = YES;
				CLANG_WARN_SUSPICIOUS_MOVE = YES;
				CLANG_WARN_UNGUARDED_AVAILABILITY = YES_AGGRESSIVE;
				CLANG_WARN_UNREACHABLE_CODE = YES;
				CLANG_WARN__DUPLICATE_METHOD_MATCH = YES;
				COPY_PHASE_STRIP = NO;
				DEBUG_INFORMATION_FORMAT = dwarf;
				ENABLE_STRICT_OBJC_MSGSEND = YES;
				ENABLE_TESTABILITY = YES;
				ENABLE_USER_SCRIPT_SANDBOXING = YES;
				GCC_C_LANGUAGE_STANDARD = gnu17;
				GCC_DYNAMIC_NO_PIC = NO;
				GCC_NO_COMMON_BLOCKS = YES;
				GCC_OPTIMIZATION_LEVEL = 0;
				GCC_PREPROCESSOR_DEFINITIONS = (
					"DEBUG=1",
					"$(inherited)",
				);
				GCC_WARN_64_TO_32_BIT_CONVERSION = YES;
				GCC_WARN_ABOUT_RETURN_TYPE = YES_ERROR;
				GCC_WARN_UNDECLARED_SELECTOR = YES;
				GCC_WARN_UNINITIALIZED_AUTOS = YES_AGGRESSIVE;
				GCC_WARN_UNUSED_FUNCTION = YES;
				GCC_WARN_UNUSED_VARIABLE = YES;
				IPHONEOS_DEPLOYMENT_TARGET = 18.0;
				LOCALIZATION_PREFERS_STRING_CATALOGS = YES;
				MTL_ENABLE_DEBUG_INFO = INCLUDE_SOURCE;
				MTL_FAST_MATH = YES;
				ONLY_ACTIVE_ARCH = YES;
				SDKROOT = iphoneos;
				SWIFT_ACTIVE_COMPILATION_CONDITIONS = "DEBUG $(inherited)";
				SWIFT_OPTIMIZATION_LEVEL = "-Onone";
			};
			name = Debug;
		};
		1C3270F22CC985C50055C035 /* Release */ = {
			isa = XCBuildConfiguration;
			buildSettings = {
				ALWAYS_SEARCH_USER_PATHS = NO;
				ASSETCATALOG_COMPILER_GENERATE_SWIFT_ASSET_SYMBOL_EXTENSIONS = YES;
				CLANG_ANALYZER_NONNULL = YES;
				CLANG_ANALYZER_NUMBER_OBJECT_CONVERSION = YES_AGGRESSIVE;
				CLANG_CXX_LANGUAGE_STANDARD = "gnu++20";
				CLANG_ENABLE_MODULES = YES;
				CLANG_ENABLE_OBJC_ARC = YES;
				CLANG_ENABLE_OBJC_WEAK = YES;
				CLANG_WARN_BLOCK_CAPTURE_AUTORELEASING = YES;
				CLANG_WARN_BOOL_CONVERSION = YES;
				CLANG_WARN_COMMA = YES;
				CLANG_WARN_CONSTANT_CONVERSION = YES;
				CLANG_WARN_DEPRECATED_OBJC_IMPLEMENTATIONS = YES;
				CLANG_WARN_DIRECT_OBJC_ISA_USAGE = YES_ERROR;
				CLANG_WARN_DOCUMENTATION_COMMENTS = YES;
				CLANG_WARN_EMPTY_BODY = YES;
				CLANG_WARN_ENUM_CONVERSION = YES;
				CLANG_WARN_INFINITE_RECURSION = YES;
				CLANG_WARN_INT_CONVERSION = YES;
				CLANG_WARN_NON_LITERAL_NULL_CONVERSION = YES;
				CLANG_WARN_OBJC_IMPLICIT_RETAIN_SELF = YES;
				CLANG_WARN_OBJC_LITERAL_CONVERSION = YES;
				CLANG_WARN_OBJC_ROOT_CLASS = YES_ERROR;
				CLANG_WARN_QUOTED_INCLUDE_IN_FRAMEWORK_HEADER = YES;
				CLANG_WARN_RANGE_LOOP_ANALYSIS = YES;
				CLANG_WARN_STRICT_PROTOTYPES = YES;
				CLANG_WARN_SUSPICIOUS_MOVE = YES;
				CLANG_WARN_UNGUARDED_AVAILABILITY = YES_AGGRESSIVE;
				CLANG_WARN_UNREACHABLE_CODE = YES;
				CLANG_WARN__DUPLICATE_METHOD_MATCH = YES;
				COPY_PHASE_STRIP = NO;
				DEBUG_INFORMATION_FORMAT = "dwarf-with-dsym";
				ENABLE_NS_ASSERTIONS = NO;
				ENABLE_STRICT_OBJC_MSGSEND = YES;
				ENABLE_USER_SCRIPT_SANDBOXING = YES;
				GCC_C_LANGUAGE_STANDARD = gnu17;
				GCC_NO_COMMON_BLOCKS = YES;
				GCC_WARN_64_TO_32_BIT_CONVERSION = YES;
				GCC_WARN_ABOUT_RETURN_TYPE = YES_ERROR;
				GCC_WARN_UNDECLARED_SELECTOR = YES;
				GCC_WARN_UNINITIALIZED_AUTOS = YES_AGGRESSIVE;
				GCC_WARN_UNUSED_FUNCTION = YES;
				GCC_WARN_UNUSED_VARIABLE = YES;
				IPHONEOS_DEPLOYMENT_TARGET = 18.0;
				LOCALIZATION_PREFERS_STRING_CATALOGS = YES;
				MTL_ENABLE_DEBUG_INFO = NO;
				MTL_FAST_MATH = YES;
				SDKROOT = iphoneos;
				SWIFT_COMPILATION_MODE = wholemodule;
				VALIDATE_PRODUCT = YES;
			};
			name = Release;
		};
		1C3270F42CC985C50055C035 /* Debug */ = {
			isa = XCBuildConfiguration;
			buildSettings = {
				ASSETCATALOG_COMPILER_APPICON_NAME = AppIcon;
				ASSETCATALOG_COMPILER_GLOBAL_ACCENT_COLOR_NAME = AccentColor;
				CODE_SIGN_STYLE = Automatic;
				CURRENT_PROJECT_VERSION = 1;
				DEVELOPMENT_ASSET_PATHS = "\"DeviceInfoLogger/Preview Content\"";
				DEVELOPMENT_TEAM = 2MC8SWF35Z;
				ENABLE_PREVIEWS = YES;
				GENERATE_INFOPLIST_FILE = YES;
				INFOPLIST_KEY_UIApplicationSceneManifest_Generation = YES;
				INFOPLIST_KEY_UIApplicationSupportsIndirectInputEvents = YES;
				INFOPLIST_KEY_UILaunchScreen_Generation = YES;
				INFOPLIST_KEY_UISupportedInterfaceOrientations_iPad = "UIInterfaceOrientationPortrait UIInterfaceOrientationPortraitUpsideDown UIInterfaceOrientationLandscapeLeft UIInterfaceOrientationLandscapeRight";
				INFOPLIST_KEY_UISupportedInterfaceOrientations_iPhone = "UIInterfaceOrientationPortrait UIInterfaceOrientationLandscapeLeft UIInterfaceOrientationLandscapeRight";
				LD_RUNPATH_SEARCH_PATHS = (
					"$(inherited)",
					"@executable_path/Frameworks",
				);
				MARKETING_VERSION = 1.0;
				PRODUCT_BUNDLE_IDENTIFIER = de.nw.DeviceInfoLogger;
				PRODUCT_NAME = "$(TARGET_NAME)";
				SUPPORTED_PLATFORMS = "iphoneos iphonesimulator";
				SUPPORTS_MACCATALYST = NO;
				SUPPORTS_MAC_DESIGNED_FOR_IPHONE_IPAD = NO;
				SUPPORTS_XR_DESIGNED_FOR_IPHONE_IPAD = NO;
				SWIFT_EMIT_LOC_STRINGS = YES;
				SWIFT_VERSION = 5.0;
				TARGETED_DEVICE_FAMILY = 1;
			};
			name = Debug;
		};
		1C3270F52CC985C50055C035 /* Release */ = {
			isa = XCBuildConfiguration;
			buildSettings = {
				ASSETCATALOG_COMPILER_APPICON_NAME = AppIcon;
				ASSETCATALOG_COMPILER_GLOBAL_ACCENT_COLOR_NAME = AccentColor;
				CODE_SIGN_STYLE = Automatic;
				CURRENT_PROJECT_VERSION = 1;
				DEVELOPMENT_ASSET_PATHS = "\"DeviceInfoLogger/Preview Content\"";
				DEVELOPMENT_TEAM = 2MC8SWF35Z;
				ENABLE_PREVIEWS = YES;
				GENERATE_INFOPLIST_FILE = YES;
				INFOPLIST_KEY_UIApplicationSceneManifest_Generation = YES;
				INFOPLIST_KEY_UIApplicationSupportsIndirectInputEvents = YES;
				INFOPLIST_KEY_UILaunchScreen_Generation = YES;
				INFOPLIST_KEY_UISupportedInterfaceOrientations_iPad = "UIInterfaceOrientationPortrait UIInterfaceOrientationPortraitUpsideDown UIInterfaceOrientationLandscapeLeft UIInterfaceOrientationLandscapeRight";
				INFOPLIST_KEY_UISupportedInterfaceOrientations_iPhone = "UIInterfaceOrientationPortrait UIInterfaceOrientationLandscapeLeft UIInterfaceOrientationLandscapeRight";
				LD_RUNPATH_SEARCH_PATHS = (
					"$(inherited)",
					"@executable_path/Frameworks",
				);
				MARKETING_VERSION = 1.0;
				PRODUCT_BUNDLE_IDENTIFIER = de.nw.DeviceInfoLogger;
				PRODUCT_NAME = "$(TARGET_NAME)";
				SUPPORTED_PLATFORMS = "iphoneos iphonesimulator";
				SUPPORTS_MACCATALYST = NO;
				SUPPORTS_MAC_DESIGNED_FOR_IPHONE_IPAD = NO;
				SUPPORTS_XR_DESIGNED_FOR_IPHONE_IPAD = NO;
				SWIFT_EMIT_LOC_STRINGS = YES;
				SWIFT_VERSION = 5.0;
				TARGETED_DEVICE_FAMILY = 1;
			};
			name = Release;
		};
		1C3270F72CC985C50055C035 /* Debug */ = {
			isa = XCBuildConfiguration;
			buildSettings = {
				BUNDLE_LOADER = "$(TEST_HOST)";
				CODE_SIGN_STYLE = Automatic;
				CURRENT_PROJECT_VERSION = 1;
				DEVELOPMENT_TEAM = 2MC8SWF35Z;
				GENERATE_INFOPLIST_FILE = YES;
				IPHONEOS_DEPLOYMENT_TARGET = 18.0;
				MARKETING_VERSION = 1.0;
				PRODUCT_BUNDLE_IDENTIFIER = de.nw.DeviceInfoLoggerTests;
				PRODUCT_NAME = "$(TARGET_NAME)";
				SWIFT_EMIT_LOC_STRINGS = NO;
				SWIFT_VERSION = 5.0;
				TARGETED_DEVICE_FAMILY = "1,2";
				TEST_HOST = "$(BUILT_PRODUCTS_DIR)/DeviceInfoLogger.app/$(BUNDLE_EXECUTABLE_FOLDER_PATH)/DeviceInfoLogger";
			};
			name = Debug;
		};
		1C3270F82CC985C50055C035 /* Release */ = {
			isa = XCBuildConfiguration;
			buildSettings = {
				BUNDLE_LOADER = "$(TEST_HOST)";
				CODE_SIGN_STYLE = Automatic;
				CURRENT_PROJECT_VERSION = 1;
				DEVELOPMENT_TEAM = 2MC8SWF35Z;
				GENERATE_INFOPLIST_FILE = YES;
				IPHONEOS_DEPLOYMENT_TARGET = 18.0;
				MARKETING_VERSION = 1.0;
				PRODUCT_BUNDLE_IDENTIFIER = de.nw.DeviceInfoLoggerTests;
				PRODUCT_NAME = "$(TARGET_NAME)";
				SWIFT_EMIT_LOC_STRINGS = NO;
				SWIFT_VERSION = 5.0;
				TARGETED_DEVICE_FAMILY = "1,2";
				TEST_HOST = "$(BUILT_PRODUCTS_DIR)/DeviceInfoLogger.app/$(BUNDLE_EXECUTABLE_FOLDER_PATH)/DeviceInfoLogger";
			};
			name = Release;
		};
		1C3270FA2CC985C50055C035 /* Debug */ = {
			isa = XCBuildConfiguration;
			buildSettings = {
				CODE_SIGN_STYLE = Automatic;
				CURRENT_PROJECT_VERSION = 1;
				DEVELOPMENT_TEAM = 2MC8SWF35Z;
				GENERATE_INFOPLIST_FILE = YES;
				MARKETING_VERSION = 1.0;
				PRODUCT_BUNDLE_IDENTIFIER = de.nw.DeviceInfoLoggerUITests;
				PRODUCT_NAME = "$(TARGET_NAME)";
				SWIFT_EMIT_LOC_STRINGS = NO;
				SWIFT_VERSION = 5.0;
				TARGETED_DEVICE_FAMILY = "1,2";
				TEST_TARGET_NAME = DeviceInfoLogger;
			};
			name = Debug;
		};
		1C3270FB2CC985C50055C035 /* Release */ = {
			isa = XCBuildConfiguration;
			buildSettings = {
				CODE_SIGN_STYLE = Automatic;
				CURRENT_PROJECT_VERSION = 1;
				DEVELOPMENT_TEAM = 2MC8SWF35Z;
				GENERATE_INFOPLIST_FILE = YES;
				MARKETING_VERSION = 1.0;
				PRODUCT_BUNDLE_IDENTIFIER = de.nw.DeviceInfoLoggerUITests;
				PRODUCT_NAME = "$(TARGET_NAME)";
				SWIFT_EMIT_LOC_STRINGS = NO;
				SWIFT_VERSION = 5.0;
				TARGETED_DEVICE_FAMILY = "1,2";
				TEST_TARGET_NAME = DeviceInfoLogger;
			};
			name = Release;
		};
/* End XCBuildConfiguration section */

/* Begin XCConfigurationList section */
		1C3270CA2CC985C30055C035 /* Build configuration list for PBXProject "DeviceInfoLogger" */ = {
			isa = XCConfigurationList;
			buildConfigurations = (
				1C3270F12CC985C50055C035 /* Debug */,
				1C3270F22CC985C50055C035 /* Release */,
			);
			defaultConfigurationIsVisible = 0;
			defaultConfigurationName = Release;
		};
		1C3270F32CC985C50055C035 /* Build configuration list for PBXNativeTarget "DeviceInfoLogger" */ = {
			isa = XCConfigurationList;
			buildConfigurations = (
				1C3270F42CC985C50055C035 /* Debug */,
				1C3270F52CC985C50055C035 /* Release */,
			);
			defaultConfigurationIsVisible = 0;
			defaultConfigurationName = Release;
		};
		1C3270F62CC985C50055C035 /* Build configuration list for PBXNativeTarget "DeviceInfoLoggerTests" */ = {
			isa = XCConfigurationList;
			buildConfigurations = (
				1C3270F72CC985C50055C035 /* Debug */,
				1C3270F82CC985C50055C035 /* Release */,
			);
			defaultConfigurationIsVisible = 0;
			defaultConfigurationName = Release;
		};
		1C3270F92CC985C50055C035 /* Build configuration list for PBXNativeTarget "DeviceInfoLoggerUITests" */ = {
			isa = XCConfigurationList;
			buildConfigurations = (
				1C3270FA2CC985C50055C035 /* Debug */,
				1C3270FB2CC985C50055C035 /* Release */,
			);
			defaultConfigurationIsVisible = 0;
			defaultConfigurationName = Release;
		};
/* End XCConfigurationList section */
	};
	rootObject = 1C3270C72CC985C30055C035 /* Project object */;
}
